
Microsoft Visual Studio Solution File, Format Version 12.00
# Visual Studio Version 17
VisualStudioVersion = 17.0.31903.59
MinimumVisualStudioVersion = 10.0.40219.1
Project("{2150E333-8FDC-42A3-9474-1A3956D46DE8}") = "Backend", "Backend", "{1AE8ACA6-933B-BF2A-3671-3E2EAC007D16}"
EndProject
Project("{FAE04EC0-301F-11D3-BF4B-00C04F79EFBC}") = "WorkFlow360.Domain", "Backend\WorkFlow360.Domain\WorkFlow360.Domain.csproj", "{686F02EE-FDCE-4B1B-9AD7-22FEE14F2639}"
EndProject
Project("{FAE04EC0-301F-11D3-BF4B-00C04F79EFBC}") = "WorkFlow360.Application", "Backend\WorkFlow360.Application\WorkFlow360.Application.csproj", "{C3C08A64-1F71-480E-BD5D-461C2CFA544E}"
EndProject
Project("{FAE04EC0-301F-11D3-BF4B-00C04F79EFBC}") = "WorkFlow360.Infrastructure", "Backend\WorkFlow360.Infrastructure\WorkFlow360.Infrastructure.csproj", "{7EC8543D-1C19-4714-A345-74CDD7F503FF}"
EndProject
Project("{FAE04EC0-301F-11D3-BF4B-00C04F79EFBC}") = "WorkFlow360.API", "Backend\WorkFlow360.API\WorkFlow360.API.csproj", "{CD1E4E6D-0327-438F-8FCB-2DBF591D6CAB}"
EndProject
Project("{FAE04EC0-301F-11D3-BF4B-00C04F79EFBC}") = "WorkFlow360.Tests", "Backend\WorkFlow360.Tests\WorkFlow360.Tests.csproj", "{B987AB8B-D252-42A9-89E6-7678A2C4DC67}"
EndProject
Global
	GlobalSection(SolutionConfigurationPlatforms) = preSolution
		Debug|Any CPU = Debug|Any CPU
		Debug|x64 = Debug|x64
		Debug|x86 = Debug|x86
		Release|Any CPU = Release|Any CPU
		Release|x64 = Release|x64
		Release|x86 = Release|x86
	EndGlobalSection
	GlobalSection(ProjectConfigurationPlatforms) = postSolution
		{686F02EE-FDCE-4B1B-9AD7-22FEE14F2639}.Debug|Any CPU.ActiveCfg = Debug|Any CPU
		{686F02EE-FDCE-4B1B-9AD7-22FEE14F2639}.Debug|Any CPU.Build.0 = Debug|Any CPU
		{686F02EE-FDCE-4B1B-9AD7-22FEE14F2639}.Debug|x64.ActiveCfg = Debug|Any CPU
		{686F02EE-FDCE-4B1B-9AD7-22FEE14F2639}.Debug|x64.Build.0 = Debug|Any CPU
		{686F02EE-FDCE-4B1B-9AD7-22FEE14F2639}.Debug|x86.ActiveCfg = Debug|Any CPU
		{686F02EE-FDCE-4B1B-9AD7-22FEE14F2639}.Debug|x86.Build.0 = Debug|Any CPU
		{686F02EE-FDCE-4B1B-9AD7-22FEE14F2639}.Release|Any CPU.ActiveCfg = Release|Any CPU
		{686F02EE-FDCE-4B1B-9AD7-22FEE14F2639}.Release|Any CPU.Build.0 = Release|Any CPU
		{686F02EE-FDCE-4B1B-9AD7-22FEE14F2639}.Release|x64.ActiveCfg = Release|Any CPU
		{686F02EE-FDCE-4B1B-9AD7-22FEE14F2639}.Release|x64.Build.0 = Release|Any CPU
		{686F02EE-FDCE-4B1B-9AD7-22FEE14F2639}.Release|x86.ActiveCfg = Release|Any CPU
		{686F02EE-FDCE-4B1B-9AD7-22FEE14F2639}.Release|x86.Build.0 = Release|Any CPU
		{C3C08A64-1F71-480E-BD5D-461C2CFA544E}.Debug|Any CPU.ActiveCfg = Debug|Any CPU
		{C3C08A64-1F71-480E-BD5D-461C2CFA544E}.Debug|Any CPU.Build.0 = Debug|Any CPU
		{C3C08A64-1F71-480E-BD5D-461C2CFA544E}.Debug|x64.ActiveCfg = Debug|Any CPU
		{C3C08A64-1F71-480E-BD5D-461C2CFA544E}.Debug|x64.Build.0 = Debug|Any CPU
		{C3C08A64-1F71-480E-BD5D-461C2CFA544E}.Debug|x86.ActiveCfg = Debug|Any CPU
		{C3C08A64-1F71-480E-BD5D-461C2CFA544E}.Debug|x86.Build.0 = Debug|Any CPU
		{C3C08A64-1F71-480E-BD5D-461C2CFA544E}.Release|Any CPU.ActiveCfg = Release|Any CPU
		{C3C08A64-1F71-480E-BD5D-461C2CFA544E}.Release|Any CPU.Build.0 = Release|Any CPU
		{C3C08A64-1F71-480E-BD5D-461C2CFA544E}.Release|x64.ActiveCfg = Release|Any CPU
		{C3C08A64-1F71-480E-BD5D-461C2CFA544E}.Release|x64.Build.0 = Release|Any CPU
		{C3C08A64-1F71-480E-BD5D-461C2CFA544E}.Release|x86.ActiveCfg = Release|Any CPU
		{C3C08A64-1F71-480E-BD5D-461C2CFA544E}.Release|x86.Build.0 = Release|Any CPU
		{7EC8543D-1C19-4714-A345-74CDD7F503FF}.Debug|Any CPU.ActiveCfg = Debug|Any CPU
		{7EC8543D-1C19-4714-A345-74CDD7F503FF}.Debug|Any CPU.Build.0 = Debug|Any CPU
		{7EC8543D-1C19-4714-A345-74CDD7F503FF}.Debug|x64.ActiveCfg = Debug|Any CPU
		{7EC8543D-1C19-4714-A345-74CDD7F503FF}.Debug|x64.Build.0 = Debug|Any CPU
		{7EC8543D-1C19-4714-A345-74CDD7F503FF}.Debug|x86.ActiveCfg = Debug|Any CPU
		{7EC8543D-1C19-4714-A345-74CDD7F503FF}.Debug|x86.Build.0 = Debug|Any CPU
		{7EC8543D-1C19-4714-A345-74CDD7F503FF}.Release|Any CPU.ActiveCfg = Release|Any CPU
		{7EC8543D-1C19-4714-A345-74CDD7F503FF}.Release|Any CPU.Build.0 = Release|Any CPU
		{7EC8543D-1C19-4714-A345-74CDD7F503FF}.Release|x64.ActiveCfg = Release|Any CPU
		{7EC8543D-1C19-4714-A345-74CDD7F503FF}.Release|x64.Build.0 = Release|Any CPU
		{7EC8543D-1C19-4714-A345-74CDD7F503FF}.Release|x86.ActiveCfg = Release|Any CPU
		{7EC8543D-1C19-4714-A345-74CDD7F503FF}.Release|x86.Build.0 = Release|Any CPU
		{CD1E4E6D-0327-438F-8FCB-2DBF591D6CAB}.Debug|Any CPU.ActiveCfg = Debug|Any CPU
		{CD1E4E6D-0327-438F-8FCB-2DBF591D6CAB}.Debug|Any CPU.Build.0 = Debug|Any CPU
		{CD1E4E6D-0327-438F-8FCB-2DBF591D6CAB}.Debug|x64.ActiveCfg = Debug|Any CPU
		{CD1E4E6D-0327-438F-8FCB-2DBF591D6CAB}.Debug|x64.Build.0 = Debug|Any CPU
		{CD1E4E6D-0327-438F-8FCB-2DBF591D6CAB}.Debug|x86.ActiveCfg = Debug|Any CPU
		{CD1E4E6D-0327-438F-8FCB-2DBF591D6CAB}.Debug|x86.Build.0 = Debug|Any CPU
		{CD1E4E6D-0327-438F-8FCB-2DBF591D6CAB}.Release|Any CPU.ActiveCfg = Release|Any CPU
		{CD1E4E6D-0327-438F-8FCB-2DBF591D6CAB}.Release|Any CPU.Build.0 = Release|Any CPU
		{CD1E4E6D-0327-438F-8FCB-2DBF591D6CAB}.Release|x64.ActiveCfg = Release|Any CPU
		{CD1E4E6D-0327-438F-8FCB-2DBF591D6CAB}.Release|x64.Build.0 = Release|Any CPU
		{CD1E4E6D-0327-438F-8FCB-2DBF591D6CAB}.Release|x86.ActiveCfg = Release|Any CPU
		{CD1E4E6D-0327-438F-8FCB-2DBF591D6CAB}.Release|x86.Build.0 = Release|Any CPU
		{B987AB8B-D252-42A9-89E6-7678A2C4DC67}.Debug|Any CPU.ActiveCfg = Debug|Any CPU
		{B987AB8B-D252-42A9-89E6-7678A2C4DC67}.Debug|Any CPU.Build.0 = Debug|Any CPU
		{B987AB8B-D252-42A9-89E6-7678A2C4DC67}.Debug|x64.ActiveCfg = Debug|Any CPU
		{B987AB8B-D252-42A9-89E6-7678A2C4DC67}.Debug|x64.Build.0 = Debug|Any CPU
		{B987AB8B-D252-42A9-89E6-7678A2C4DC67}.Debug|x86.ActiveCfg = Debug|Any CPU
		{B987AB8B-D252-42A9-89E6-7678A2C4DC67}.Debug|x86.Build.0 = Debug|Any CPU
		{B987AB8B-D252-42A9-89E6-7678A2C4DC67}.Release|Any CPU.ActiveCfg = Release|Any CPU
		{B987AB8B-D252-42A9-89E6-7678A2C4DC67}.Release|Any CPU.Build.0 = Release|Any CPU
		{B987AB8B-D252-42A9-89E6-7678A2C4DC67}.Release|x64.ActiveCfg = Release|Any CPU
		{B987AB8B-D252-42A9-89E6-7678A2C4DC67}.Release|x64.Build.0 = Release|Any CPU
		{B987AB8B-D252-42A9-89E6-7678A2C4DC67}.Release|x86.ActiveCfg = Release|Any CPU
		{B987AB8B-D252-42A9-89E6-7678A2C4DC67}.Release|x86.Build.0 = Release|Any CPU
	EndGlobalSection
	GlobalSection(SolutionProperties) = preSolution
		HideSolutionNode = FALSE
	EndGlobalSection
	GlobalSection(NestedProjects) = preSolution
		{686F02EE-FDCE-4B1B-9AD7-22FEE14F2639} = {1AE8ACA6-933B-BF2A-3671-3E2EAC007D16}
		{C3C08A64-1F71-480E-BD5D-461C2CFA544E} = {1AE8ACA6-933B-BF2A-3671-3E2EAC007D16}
		{7EC8543D-1C19-4714-A345-74CDD7F503FF} = {1AE8ACA6-933B-BF2A-3671-3E2EAC007D16}
		{CD1E4E6D-0327-438F-8FCB-2DBF591D6CAB} = {1AE8ACA6-933B-BF2A-3671-3E2EAC007D16}
		{B987AB8B-D252-42A9-89E6-7678A2C4DC67} = {1AE8ACA6-933B-BF2A-3671-3E2EAC007D16}
	EndGlobalSection
EndGlobal
